// !$*UTF8*$!
{
	archiveVersion = 1;
	classes = {
	};
	objectVersion = 46;
	objects = {

/* Begin PBXBuildFile section */
		1DF827C518B7E99800966167 /* UIKit.framework in Frameworks */ = {isa = PBXBuildFile; fileRef = 1DF827C418B7E99800966167 /* UIKit.framework */; };
		1DF827C718B7E99800966167 /* Foundation.framework in Frameworks */ = {isa = PBXBuildFile; fileRef = 1DF827C618B7E99800966167 /* Foundation.framework */; };
		1DF827C918B7E99800966167 /* CoreGraphics.framework in Frameworks */ = {isa = PBXBuildFile; fileRef = 1DF827C818B7E99800966167 /* CoreGraphics.framework */; };
		1DF827CF18B7E99800966167 /* InfoPlist.strings in Resources */ = {isa = PBXBuildFile; fileRef = 1DF827CD18B7E99800966167 /* InfoPlist.strings */; };
		1DF827D118B7E99800966167 /* main.m in Sources */ = {isa = PBXBuildFile; fileRef = 1DF827D018B7E99800966167 /* main.m */; };
		1DF827D518B7E99800966167 /* SpirographAppDelegate.m in Sources */ = {isa = PBXBuildFile; fileRef = 1DF827D418B7E99800966167 /* SpirographAppDelegate.m */; };
		1DF827D818B7E99800966167 /* MainStoryboard.storyboard in Resources */ = {isa = PBXBuildFile; fileRef = 1DF827D618B7E99800966167 /* MainStoryboard.storyboard */; };
		1DF827DB18B7E99800966167 /* SpirographViewController.m in Sources */ = {isa = PBXBuildFile; fileRef = 1DF827DA18B7E99800966167 /* SpirographViewController.m */; };
		1DF827E318B7E9AB00966167 /* HarmonigraphView.m in Sources */ = {isa = PBXBuildFile; fileRef = 1DF827E218B7E9AB00966167 /* HarmonigraphView.m */; };
		2C9863BF18B91D5F00F3548F /* SpirographView.m in Sources */ = {isa = PBXBuildFile; fileRef = 2C9863BE18B91D5F00F3548F /* SpirographView.m */; };
/* End PBXBuildFile section */

/* Begin PBXFileReference section */
		1DF827C018B7E99800966167 /* MoravianSpirograph.app */ = {isa = PBXFileReference; explicitFileType = wrapper.application; includeInIndex = 0; path = MoravianSpirograph.app; sourceTree = BUILT_PRODUCTS_DIR; };
		1DF827C418B7E99800966167 /* UIKit.framework */ = {isa = PBXFileReference; lastKnownFileType = wrapper.framework; name = UIKit.framework; path = System/Library/Frameworks/UIKit.framework; sourceTree = SDKROOT; };
		1DF827C618B7E99800966167 /* Foundation.framework */ = {isa = PBXFileReference; lastKnownFileType = wrapper.framework; name = Foundation.framework; path = System/Library/Frameworks/Foundation.framework; sourceTree = SDKROOT; };
		1DF827C818B7E99800966167 /* CoreGraphics.framework */ = {isa = PBXFileReference; lastKnownFileType = wrapper.framework; name = CoreGraphics.framework; path = System/Library/Frameworks/CoreGraphics.framework; sourceTree = SDKROOT; };
		1DF827CC18B7E99800966167 /* MoravianSpirograph-Info.plist */ = {isa = PBXFileReference; lastKnownFileType = text.plist.xml; path = "MoravianSpirograph-Info.plist"; sourceTree = "<group>"; };
		1DF827CE18B7E99800966167 /* en */ = {isa = PBXFileReference; lastKnownFileType = text.plist.strings; name = en; path = en.lproj/InfoPlist.strings; sourceTree = "<group>"; };
		1DF827D018B7E99800966167 /* main.m */ = {isa = PBXFileReference; lastKnownFileType = sourcecode.c.objc; path = main.m; sourceTree = "<group>"; };
		1DF827D218B7E99800966167 /* MoravianSpirograph-Prefix.pch */ = {isa = PBXFileReference; lastKnownFileType = sourcecode.c.h; path = "MoravianSpirograph-Prefix.pch"; sourceTree = "<group>"; };
		1DF827D318B7E99800966167 /* SpirographAppDelegate.h */ = {isa = PBXFileReference; lastKnownFileType = sourcecode.c.h; path = SpirographAppDelegate.h; sourceTree = "<group>"; };
		1DF827D418B7E99800966167 /* SpirographAppDelegate.m */ = {isa = PBXFileReference; lastKnownFileType = sourcecode.c.objc; path = SpirographAppDelegate.m; sourceTree = "<group>"; };
		1DF827D718B7E99800966167 /* en */ = {isa = PBXFileReference; lastKnownFileType = file.storyboard; name = en; path = en.lproj/MainStoryboard.storyboard; sourceTree = "<group>"; };
		1DF827D918B7E99800966167 /* SpirographViewController.h */ = {isa = PBXFileReference; lastKnownFileType = sourcecode.c.h; path = SpirographViewController.h; sourceTree = "<group>"; };
		1DF827DA18B7E99800966167 /* SpirographViewController.m */ = {isa = PBXFileReference; lastKnownFileType = sourcecode.c.objc; path = SpirographViewController.m; sourceTree = "<group>"; };
		1DF827E118B7E9AB00966167 /* HarmonigraphView.h */ = {isa = PBXFileReference; fileEncoding = 4; lastKnownFileType = sourcecode.c.h; path = HarmonigraphView.h; sourceTree = "<group>"; };
		1DF827E218B7E9AB00966167 /* HarmonigraphView.m */ = {isa = PBXFileReference; fileEncoding = 4; lastKnownFileType = sourcecode.c.objc; path = HarmonigraphView.m; sourceTree = "<group>"; };
		2C9863BD18B91D5F00F3548F /* SpirographView.h */ = {isa = PBXFileReference; fileEncoding = 4; lastKnownFileType = sourcecode.c.h; path = SpirographView.h; sourceTree = "<group>"; };
		2C9863BE18B91D5F00F3548F /* SpirographView.m */ = {isa = PBXFileReference; fileEncoding = 4; lastKnownFileType = sourcecode.c.objc; path = SpirographView.m; sourceTree = "<group>"; };
/* End PBXFileReference section */

/* Begin PBXFrameworksBuildPhase section */
		1DF827BD18B7E99800966167 /* Frameworks */ = {
			isa = PBXFrameworksBuildPhase;
			buildActionMask = 2147483647;
			files = (
				1DF827C518B7E99800966167 /* UIKit.framework in Frameworks */,
				1DF827C718B7E99800966167 /* Foundation.framework in Frameworks */,
				1DF827C918B7E99800966167 /* CoreGraphics.framework in Frameworks */,
			);
			runOnlyForDeploymentPostprocessing = 0;
		};
/* End PBXFrameworksBuildPhase section */

/* Begin PBXGroup section */
		1DF827B518B7E99800966167 = {
			isa = PBXGroup;
			children = (
				1DF827CA18B7E99800966167 /* MoravianSpirograph */,
				1DF827C318B7E99800966167 /* Frameworks */,
				1DF827C118B7E99800966167 /* Products */,
			);
			sourceTree = "<group>";
		};
		1DF827C118B7E99800966167 /* Products */ = {
			isa = PBXGroup;
			children = (
				1DF827C018B7E99800966167 /* MoravianSpirograph.app */,
			);
			name = Products;
			sourceTree = "<group>";
		};
		1DF827C318B7E99800966167 /* Frameworks */ = {
			isa = PBXGroup;
			children = (
				1DF827C418B7E99800966167 /* UIKit.framework */,
				1DF827C618B7E99800966167 /* Foundation.framework */,
				1DF827C818B7E99800966167 /* CoreGraphics.framework */,
			);
			name = Frameworks;
			sourceTree = "<group>";
		};
		1DF827CA18B7E99800966167 /* MoravianSpirograph */ = {
			isa = PBXGroup;
			children = (
				1DF827D418B7E99800966167 /* SpirographAppDelegate.m */,
				1DF827D318B7E99800966167 /* SpirographAppDelegate.h */,
				2C9863BD18B91D5F00F3548F /* SpirographView.h */,
				2C9863BE18B91D5F00F3548F /* SpirographView.m */,
				1DF827E118B7E9AB00966167 /* HarmonigraphView.h */,
				1DF827E218B7E9AB00966167 /* HarmonigraphView.m */,
				1DF827D618B7E99800966167 /* MainStoryboard.storyboard */,
				1DF827D918B7E99800966167 /* SpirographViewController.h */,
				1DF827DA18B7E99800966167 /* SpirographViewController.m */,
				1DF827CB18B7E99800966167 /* Supporting Files */,
			);
			path = MoravianSpirograph;
			sourceTree = "<group>";
		};
		1DF827CB18B7E99800966167 /* Supporting Files */ = {
			isa = PBXGroup;
			children = (
				1DF827CC18B7E99800966167 /* MoravianSpirograph-Info.plist */,
				1DF827CD18B7E99800966167 /* InfoPlist.strings */,
				1DF827D018B7E99800966167 /* main.m */,
				1DF827D218B7E99800966167 /* MoravianSpirograph-Prefix.pch */,
			);
			name = "Supporting Files";
			sourceTree = "<group>";
		};
/* End PBXGroup section */

/* Begin PBXNativeTarget section */
		1DF827BF18B7E99800966167 /* MoravianSpirograph */ = {
			isa = PBXNativeTarget;
			buildConfigurationList = 1DF827DE18B7E99800966167 /* Build configuration list for PBXNativeTarget "MoravianSpirograph" */;
			buildPhases = (
				1DF827BC18B7E99800966167 /* Sources */,
				1DF827BD18B7E99800966167 /* Frameworks */,
				1DF827BE18B7E99800966167 /* Resources */,
			);
			buildRules = (
			);
			dependencies = (
			);
			name = MoravianSpirograph;
			productName = MoravianSpirograph;
			productReference = 1DF827C018B7E99800966167 /* MoravianSpirograph.app */;
			productType = "com.apple.product-type.application";
		};
/* End PBXNativeTarget section */

/* Begin PBXProject section */
		1DF827B718B7E99800966167 /* Project object */ = {
			isa = PBXProject;
			attributes = {
				CLASSPREFIX = Spirograph;
				LastUpgradeCheck = 0440;
				ORGANIZATIONNAME = "Michael Toth";
			};
			buildConfigurationList = 1DF827BA18B7E99800966167 /* Build configuration list for PBXProject "MoravianSpirograph" */;
			compatibilityVersion = "Xcode 3.2";
			developmentRegion = English;
			hasScannedForEncodings = 0;
			knownRegions = (
				en,
			);
			mainGroup = 1DF827B518B7E99800966167;
			productRefGroup = 1DF827C118B7E99800966167 /* Products */;
			projectDirPath = "";
			projectRoot = "";
			targets = (
				1DF827BF18B7E99800966167 /* MoravianSpirograph */,
			);
		};
/* End PBXProject section */

/* Begin PBXResourcesBuildPhase section */
		1DF827BE18B7E99800966167 /* Resources */ = {
			isa = PBXResourcesBuildPhase;
			buildActionMask = 2147483647;
			files = (
				1DF827CF18B7E99800966167 /* InfoPlist.strings in Resources */,
				1DF827D818B7E99800966167 /* MainStoryboard.storyboard in Resources */,
			);
			runOnlyForDeploymentPostprocessing = 0;
		};
/* End PBXResourcesBuildPhase section */

/* Begin PBXSourcesBuildPhase section */
		1DF827BC18B7E99800966167 /* Sources */ = {
			isa = PBXSourcesBuildPhase;
			buildActionMask = 2147483647;
			files = (
				1DF827D118B7E99800966167 /* main.m in Sources */,
				1DF827D518B7E99800966167 /* SpirographAppDelegate.m in Sources */,
				1DF827DB18B7E99800966167 /* SpirographViewController.m in Sources */,
				1DF827E318B7E9AB00966167 /* HarmonigraphView.m in Sources */,
				2C9863BF18B91D5F00F3548F /* SpirographView.m in Sources */,
			);
			runOnlyForDeploymentPostprocessing = 0;
		};
/* End PBXSourcesBuildPhase section */

/* Begin PBXVariantGroup section */
		1DF827CD18B7E99800966167 /* InfoPlist.strings */ = {
			isa = PBXVariantGroup;
			children = (
				1DF827CE18B7E99800966167 /* en */,
			);
			name = InfoPlist.strings;
			sourceTree = "<group>";
		};
		1DF827D618B7E99800966167 /* MainStoryboard.storyboard */ = {
			isa = PBXVariantGroup;
			children = (
				1DF827D718B7E99800966167 /* en */,
			);
			name = MainStoryboard.storyboard;
			sourceTree = "<group>";
		};
/* End PBXVariantGroup section */

/* Begin XCBuildConfiguration section */
		1DF827DC18B7E99800966167 /* Debug */ = {
			isa = XCBuildConfiguration;
			buildSettings = {
				ALWAYS_SEARCH_USER_PATHS = NO;
				ARCHS = "$(ARCHS_STANDARD_32_BIT)";
				CLANG_CXX_LANGUAGE_STANDARD = "gnu++0x";
				CLANG_ENABLE_OBJC_ARC = YES;
				CLANG_WARN__DUPLICATE_METHOD_MATCH = YES;
				"CODE_SIGN_IDENTITY[sdk=iphoneos*]" = "iPhone Developer";
				COPY_PHASE_STRIP = NO;
				GCC_C_LANGUAGE_STANDARD = gnu99;
				GCC_DYNAMIC_NO_PIC = NO;
				GCC_OPTIMIZATION_LEVEL = 0;
				GCC_PREPROCESSOR_DEFINITIONS = (
					"DEBUG=1",
					"$(inherited)",
				);
				GCC_SYMBOLS_PRIVATE_EXTERN = NO;
				GCC_VERSION = com.apple.compilers.llvm.clang.1_0;
				GCC_WARN_ABOUT_RETURN_TYPE = YES;
				GCC_WARN_UNINITIALIZED_AUTOS = YES;
				GCC_WARN_UNUSED_VARIABLE = YES;
				IPHONEOS_DEPLOYMENT_TARGET = 5.1;
				SDKROOT = iphoneos;
			};
			name = Debug;
		};
		1DF827DD18B7E99800966167 /* Release */ = {
			isa = XCBuildConfiguration;
			buildSettings = {
				ALWAYS_SEARCH_USER_PATHS = NO;
				ARCHS = "$(ARCHS_STANDARD_32_BIT)";
				CLANG_CXX_LANGUAGE_STANDARD = "gnu++0x";
				CLANG_ENABLE_OBJC_ARC = YES;
				CLANG_WARN__DUPLICATE_METHOD_MATCH = YES;
				"CODE_SIGN_IDENTITY[sdk=iphoneos*]" = "iPhone Developer";
				COPY_PHASE_STRIP = YES;
				GCC_C_LANGUAGE_STANDARD = gnu99;
				GCC_VERSION = com.apple.compilers.llvm.clang.1_0;
				GCC_WARN_ABOUT_RETURN_TYPE = YES;
				GCC_WARN_UNINITIALIZED_AUTOS = YES;
				GCC_WARN_UNUSED_VARIABLE = YES;
				IPHONEOS_DEPLOYMENT_TARGET = 5.1;
				OTHER_CFLAGS = "-DNS_BLOCK_ASSERTIONS=1";
				SDKROOT = iphoneos;
				VALIDATE_PRODUCT = YES;
			};
			name = Release;
		};
		1DF827DF18B7E99800966167 /* Debug */ = {
			isa = XCBuildConfiguration;
			buildSettings = {
				GCC_PRECOMPILE_PREFIX_HEADER = YES;
				GCC_PREFIX_HEADER = "MoravianSpirograph/MoravianSpirograph-Prefix.pch";
				INFOPLIST_FILE = "MoravianSpirograph/MoravianSpirograph-Info.plist";
				PRODUCT_NAME = "$(TARGET_NAME)";
				WRAPPER_EXTENSION = app;
			};
			name = Debug;
		};
		1DF827E018B7E99800966167 /* Release */ = {
			isa = XCBuildConfiguration;
			buildSettings = {
				GCC_PRECOMPILE_PREFIX_HEADER = YES;
				GCC_PREFIX_HEADER = "MoravianSpirograph/MoravianSpirograph-Prefix.pch";
				INFOPLIST_FILE = "MoravianSpirograph/MoravianSpirograph-Info.plist";
				PRODUCT_NAME = "$(TARGET_NAME)";
				WRAPPER_EXTENSION = app;
			};
			name = Release;
		};
/* End XCBuildConfiguration section */

/* Begin XCConfigurationList section */
		1DF827BA18B7E99800966167 /* Build configuration list for PBXProject "MoravianSpirograph" */ = {
			isa = XCConfigurationList;
			buildConfigurations = (
				1DF827DC18B7E99800966167 /* Debug */,
				1DF827DD18B7E99800966167 /* Release */,
			);
			defaultConfigurationIsVisible = 0;
			defaultConfigurationName = Release;
		};
		1DF827DE18B7E99800966167 /* Build configuration list for PBXNativeTarget "MoravianSpirograph" */ = {
			isa = XCConfigurationList;
			buildConfigurations = (
				1DF827DF18B7E99800966167 /* Debug */,
				1DF827E018B7E99800966167 /* Release */,
			);
			defaultConfigurationIsVisible = 0;
			defaultConfigurationName = Release;
		};
/* End XCConfigurationList section */
	};
	rootObject = 1DF827B718B7E99800966167 /* Project object */;
}
